PODS:
  - AlertToast (1.3.7)
  - GoogleMaps (6.1.1):
    - GoogleMaps/Maps (= 6.1.1)
  - GoogleMaps/Base (6.1.1)
  - GoogleMaps/Maps (6.1.1):
    - GoogleMaps/Base
  - SQLite.swift (0.13.3):
    - SQLite.swift/standard (= 0.13.3)
  - SQLite.swift/standard (0.13.3)
  - ToastViewSwift (1.0.5)

DEPENDENCIES:
  - AlertToast
  - GoogleMaps
  - SQLite.swift
  - ToastViewSwift

SPEC REPOS:
  trunk:
    - AlertToast
    - GoogleMaps
    - SQLite.swift
    - ToastViewSwift

SPEC CHECKSUMS:
  AlertToast: 8c9d5efb2df6ea728b32b62bce99d876ec3e5393
  GoogleMaps: 94e6e0851beece6678af9f508f4918b7a7c61722
  SQLite.swift: 903bfa3bc9ab06345fdfbb578e34f47cfcf417da
  ToastViewSwift: 18aa7c783b02cc55547cde7679f3771692297aae

PODFILE CHECKSUM: cf7508b3712b9efe58dd3ef8c99be1ccd470feb7

COCOAPODS: 1.10.1
